// !$*UTF8*$!
{
	archiveVersion = 1;
	classes = {
	};
	objectVersion = 77;
	objects = {

/* Begin PBXContainerItemProxy section */
		876D60592CDF00FC0036585C /* PBXContainerItemProxy */ = {
			isa = PBXContainerItemProxy;
			containerPortal = 876D60402CDF00F90036585C /* Project object */;
			proxyType = 1;
			remoteGlobalIDString = 876D60472CDF00F90036585C;
			remoteInfo = pomodoro;
		};
		876D60632CDF00FC0036585C /* PBXContainerItemProxy */ = {
			isa = PBXContainerItemProxy;
			containerPortal = 876D60402CDF00F90036585C /* Project object */;
			proxyType = 1;
			remoteGlobalIDString = 876D60472CDF00F90036585C;
			remoteInfo = pomodoro;
		};
/* End PBXContainerItemProxy section */

/* Begin PBXFileReference section */
		876D60482CDF00F90036585C /* pomodoro.app */ = {isa = PBXFileReference; explicitFileType = wrapper.application; includeInIndex = 0; path = pomodoro.app; sourceTree = BUILT_PRODUCTS_DIR; };
		876D60582CDF00FC0036585C /* pomodoroTests.xctest */ = {isa = PBXFileReference; explicitFileType = wrapper.cfbundle; includeInIndex = 0; path = pomodoroTests.xctest; sourceTree = BUILT_PRODUCTS_DIR; };
		876D60622CDF00FC0036585C /* pomodoroUITests.xctest */ = {isa = PBXFileReference; explicitFileType = wrapper.cfbundle; includeInIndex = 0; path = pomodoroUITests.xctest; sourceTree = BUILT_PRODUCTS_DIR; };
/* End PBXFileReference section */

/* Begin PBXFileSystemSynchronizedRootGroup section */
		876D604A2CDF00F90036585C /* pomodoro */ = {
			isa = PBXFileSystemSynchronizedRootGroup;
			path = pomodoro;
			sourceTree = "<group>";
		};
		876D605B2CDF00FC0036585C /* pomodoroTests */ = {
			isa = PBXFileSystemSynchronizedRootGroup;
			path = pomodoroTests;
			sourceTree = "<group>";
		};
		876D60652CDF00FC0036585C /* pomodoroUITests */ = {
			isa = PBXFileSystemSynchronizedRootGroup;
			path = pomodoroUITests;
			sourceTree = "<group>";
		};
/* End PBXFileSystemSynchronizedRootGroup section */

/* Begin PBXFrameworksBuildPhase section */
		876D60452CDF00F90036585C /* Frameworks */ = {
			isa = PBXFrameworksBuildPhase;
			buildActionMask = 2147483647;
			files = (
			);
			runOnlyForDeploymentPostprocessing = 0;
		};
		876D60552CDF00FC0036585C /* Frameworks */ = {
			isa = PBXFrameworksBuildPhase;
			buildActionMask = 2147483647;
			files = (
			);
			runOnlyForDeploymentPostprocessing = 0;
		};
		876D605F2CDF00FC0036585C /* Frameworks */ = {
			isa = PBXFrameworksBuildPhase;
			buildActionMask = 2147483647;
			files = (
			);
			runOnlyForDeploymentPostprocessing = 0;
		};
/* End PBXFrameworksBuildPhase section */

/* Begin PBXGroup section */
		876D603F2CDF00F90036585C = {
			isa = PBXGroup;
			children = (
				876D604A2CDF00F90036585C /* pomodoro */,
				876D605B2CDF00FC0036585C /* pomodoroTests */,
				876D60652CDF00FC0036585C /* pomodoroUITests */,
				876D60492CDF00F90036585C /* Products */,
			);
			sourceTree = "<group>";
		};
		876D60492CDF00F90036585C /* Products */ = {
			isa = PBXGroup;
			children = (
				876D60482CDF00F90036585C /* pomodoro.app */,
				876D60582CDF00FC0036585C /* pomodoroTests.xctest */,
				876D60622CDF00FC0036585C /* pomodoroUITests.xctest */,
			);
			name = Products;
			sourceTree = "<group>";
		};
/* End PBXGroup section */

/* Begin PBXNativeTarget section */
		876D60472CDF00F90036585C /* pomodoro */ = {
			isa = PBXNativeTarget;
			buildConfigurationList = 876D606C2CDF00FC0036585C /* Build configuration list for PBXNativeTarget "pomodoro" */;
			buildPhases = (
				876D60442CDF00F90036585C /* Sources */,
				876D60452CDF00F90036585C /* Frameworks */,
				876D60462CDF00F90036585C /* Resources */,
			);
			buildRules = (
			);
			dependencies = (
			);
			fileSystemSynchronizedGroups = (
				876D604A2CDF00F90036585C /* pomodoro */,
			);
			name = pomodoro;
			packageProductDependencies = (
			);
			productName = pomodoro;
			productReference = 876D60482CDF00F90036585C /* pomodoro.app */;
			productType = "com.apple.product-type.application";
		};
		876D60572CDF00FC0036585C /* pomodoroTests */ = {
			isa = PBXNativeTarget;
			buildConfigurationList = 876D606F2CDF00FC0036585C /* Build configuration list for PBXNativeTarget "pomodoroTests" */;
			buildPhases = (
				876D60542CDF00FC0036585C /* Sources */,
				876D60552CDF00FC0036585C /* Frameworks */,
				876D60562CDF00FC0036585C /* Resources */,
			);
			buildRules = (
			);
			dependencies = (
				876D605A2CDF00FC0036585C /* PBXTargetDependency */,
			);
			fileSystemSynchronizedGroups = (
				876D605B2CDF00FC0036585C /* pomodoroTests */,
			);
			name = pomodoroTests;
			packageProductDependencies = (
			);
			productName = pomodoroTests;
			productReference = 876D60582CDF00FC0036585C /* pomodoroTests.xctest */;
			productType = "com.apple.product-type.bundle.unit-test";
		};
		876D60612CDF00FC0036585C /* pomodoroUITests */ = {
			isa = PBXNativeTarget;
			buildConfigurationList = 876D60722CDF00FC0036585C /* Build configuration list for PBXNativeTarget "pomodoroUITests" */;
			buildPhases = (
				876D605E2CDF00FC0036585C /* Sources */,
				876D605F2CDF00FC0036585C /* Frameworks */,
				876D60602CDF00FC0036585C /* Resources */,
			);
			buildRules = (
			);
			dependencies = (
				876D60642CDF00FC0036585C /* PBXTargetDependency */,
			);
			fileSystemSynchronizedGroups = (
				876D60652CDF00FC0036585C /* pomodoroUITests */,
			);
			name = pomodoroUITests;
			packageProductDependencies = (
			);
			productName = pomodoroUITests;
			productReference = 876D60622CDF00FC0036585C /* pomodoroUITests.xctest */;
			productType = "com.apple.product-type.bundle.ui-testing";
		};
/* End PBXNativeTarget section */

/* Begin PBXProject section */
		876D60402CDF00F90036585C /* Project object */ = {
			isa = PBXProject;
			attributes = {
				BuildIndependentTargetsInParallel = 1;
				LastSwiftUpdateCheck = 1610;
				LastUpgradeCheck = 1610;
				TargetAttributes = {
					876D60472CDF00F90036585C = {
						CreatedOnToolsVersion = 16.1;
					};
					876D60572CDF00FC0036585C = {
						CreatedOnToolsVersion = 16.1;
						TestTargetID = 876D60472CDF00F90036585C;
					};
					876D60612CDF00FC0036585C = {
						CreatedOnToolsVersion = 16.1;
						TestTargetID = 876D60472CDF00F90036585C;
					};
				};
			};
			buildConfigurationList = 876D60432CDF00F90036585C /* Build configuration list for PBXProject "pomodoro" */;
			developmentRegion = en;
			hasScannedForEncodings = 0;
			knownRegions = (
				en,
				Base,
			);
			mainGroup = 876D603F2CDF00F90036585C;
			minimizedProjectReferenceProxies = 1;
			preferredProjectObjectVersion = 77;
			productRefGroup = 876D60492CDF00F90036585C /* Products */;
			projectDirPath = "";
			projectRoot = "";
			targets = (
				876D60472CDF00F90036585C /* pomodoro */,
				876D60572CDF00FC0036585C /* pomodoroTests */,
				876D60612CDF00FC0036585C /* pomodoroUITests */,
			);
		};
/* End PBXProject section */

/* Begin PBXResourcesBuildPhase section */
		876D60462CDF00F90036585C /* Resources */ = {
			isa = PBXResourcesBuildPhase;
			buildActionMask = 2147483647;
			files = (
			);
			runOnlyForDeploymentPostprocessing = 0;
		};
		876D60562CDF00FC0036585C /* Resources */ = {
			isa = PBXResourcesBuildPhase;
			buildActionMask = 2147483647;
			files = (
			);
			runOnlyForDeploymentPostprocessing = 0;
		};
		876D60602CDF00FC0036585C /* Resources */ = {
			isa = PBXResourcesBuildPhase;
			buildActionMask = 2147483647;
			files = (
			);
			runOnlyForDeploymentPostprocessing = 0;
		};
/* End PBXResourcesBuildPhase section */

/* Begin PBXSourcesBuildPhase section */
		876D60442CDF00F90036585C /* Sources */ = {
			isa = PBXSourcesBuildPhase;
			buildActionMask = 2147483647;
			files = (
			);
			runOnlyForDeploymentPostprocessing = 0;
		};
		876D60542CDF00FC0036585C /* Sources */ = {
			isa = PBXSourcesBuildPhase;
			buildActionMask = 2147483647;
			files = (
			);
			runOnlyForDeploymentPostprocessing = 0;
		};
		876D605E2CDF00FC0036585C /* Sources */ = {
			isa = PBXSourcesBuildPhase;
			buildActionMask = 2147483647;
			files = (
			);
			runOnlyForDeploymentPostprocessing = 0;
		};
/* End PBXSourcesBuildPhase section */

/* Begin PBXTargetDependency section */
		876D605A2CDF00FC0036585C /* PBXTargetDependency */ = {
			isa = PBXTargetDependency;
			target = 876D60472CDF00F90036585C /* pomodoro */;
			targetProxy = 876D60592CDF00FC0036585C /* PBXContainerItemProxy */;
		};
		876D60642CDF00FC0036585C /* PBXTargetDependency */ = {
			isa = PBXTargetDependency;
			target = 876D60472CDF00F90036585C /* pomodoro */;
			targetProxy = 876D60632CDF00FC0036585C /* PBXContainerItemProxy */;
		};
/* End PBXTargetDependency section */

/* Begin XCBuildConfiguration section */
		876D606A2CDF00FC0036585C /* Debug */ = {
			isa = XCBuildConfiguration;
			buildSettings = {
				ALWAYS_SEARCH_USER_PATHS = NO;
				ASSETCATALOG_COMPILER_GENERATE_SWIFT_ASSET_SYMBOL_EXTENSIONS = YES;
				CLANG_ANALYZER_NONNULL = YES;
				CLANG_ANALYZER_NUMBER_OBJECT_CONVERSION = YES_AGGRESSIVE;
				CLANG_CXX_LANGUAGE_STANDARD = "gnu++20";
				CLANG_ENABLE_MODULES = YES;
				CLANG_ENABLE_OBJC_ARC = YES;
				CLANG_ENABLE_OBJC_WEAK = YES;
				CLANG_WARN_BLOCK_CAPTURE_AUTORELEASING = YES;
				CLANG_WARN_BOOL_CONVERSION = YES;
				CLANG_WARN_COMMA = YES;
				CLANG_WARN_CONSTANT_CONVERSION = YES;
				CLANG_WARN_DEPRECATED_OBJC_IMPLEMENTATIONS = YES;
				CLANG_WARN_DIRECT_OBJC_ISA_USAGE = YES_ERROR;
				CLANG_WARN_DOCUMENTATION_COMMENTS = YES;
				CLANG_WARN_EMPTY_BODY = YES;
				CLANG_WARN_ENUM_CONVERSION = YES;
				CLANG_WARN_INFINITE_RECURSION = YES;
				CLANG_WARN_INT_CONVERSION = YES;
				CLANG_WARN_NON_LITERAL_NULL_CONVERSION = YES;
				CLANG_WARN_OBJC_IMPLICIT_RETAIN_SELF = YES;
				CLANG_WARN_OBJC_LITERAL_CONVERSION = YES;
				CLANG_WARN_OBJC_ROOT_CLASS = YES_ERROR;
				CLANG_WARN_QUOTED_INCLUDE_IN_FRAMEWORK_HEADER = YES;
				CLANG_WARN_RANGE_LOOP_ANALYSIS = YES;
				CLANG_WARN_STRICT_PROTOTYPES = YES;
				CLANG_WARN_SUSPICIOUS_MOVE = YES;
				CLANG_WARN_UNGUARDED_AVAILABILITY = YES_AGGRESSIVE;
				CLANG_WARN_UNREACHABLE_CODE = YES;
				CLANG_WARN__DUPLICATE_METHOD_MATCH = YES;
				COPY_PHASE_STRIP = NO;
				DEBUG_INFORMATION_FORMAT = dwarf;
				ENABLE_STRICT_OBJC_MSGSEND = YES;
				ENABLE_TESTABILITY = YES;
				ENABLE_USER_SCRIPT_SANDBOXING = YES;
				GCC_C_LANGUAGE_STANDARD = gnu17;
				GCC_DYNAMIC_NO_PIC = NO;
				GCC_NO_COMMON_BLOCKS = YES;
				GCC_OPTIMIZATION_LEVEL = 0;
				GCC_PREPROCESSOR_DEFINITIONS = (
					"DEBUG=1",
					"$(inherited)",
				);
				GCC_WARN_64_TO_32_BIT_CONVERSION = YES;
				GCC_WARN_ABOUT_RETURN_TYPE = YES_ERROR;
				GCC_WARN_UNDECLARED_SELECTOR = YES;
				GCC_WARN_UNINITIALIZED_AUTOS = YES_AGGRESSIVE;
				GCC_WARN_UNUSED_FUNCTION = YES;
				GCC_WARN_UNUSED_VARIABLE = YES;
				IPHONEOS_DEPLOYMENT_TARGET = 18.1;
				LOCALIZATION_PREFERS_STRING_CATALOGS = YES;
				MTL_ENABLE_DEBUG_INFO = INCLUDE_SOURCE;
				MTL_FAST_MATH = YES;
				ONLY_ACTIVE_ARCH = YES;
				SDKROOT = iphoneos;
				SWIFT_ACTIVE_COMPILATION_CONDITIONS = "DEBUG $(inherited)";
				SWIFT_OPTIMIZATION_LEVEL = "-Onone";
			};
			name = Debug;
		};
		876D606B2CDF00FC0036585C /* Release */ = {
			isa = XCBuildConfiguration;
			buildSettings = {
				ALWAYS_SEARCH_USER_PATHS = NO;
				ASSETCATALOG_COMPILER_GENERATE_SWIFT_ASSET_SYMBOL_EXTENSIONS = YES;
				CLANG_ANALYZER_NONNULL = YES;
				CLANG_ANALYZER_NUMBER_OBJECT_CONVERSION = YES_AGGRESSIVE;
				CLANG_CXX_LANGUAGE_STANDARD = "gnu++20";
				CLANG_ENABLE_MODULES = YES;
				CLANG_ENABLE_OBJC_ARC = YES;
				CLANG_ENABLE_OBJC_WEAK = YES;
				CLANG_WARN_BLOCK_CAPTURE_AUTORELEASING = YES;
				CLANG_WARN_BOOL_CONVERSION = YES;
				CLANG_WARN_COMMA = YES;
				CLANG_WARN_CONSTANT_CONVERSION = YES;
				CLANG_WARN_DEPRECATED_OBJC_IMPLEMENTATIONS = YES;
				CLANG_WARN_DIRECT_OBJC_ISA_USAGE = YES_ERROR;
				CLANG_WARN_DOCUMENTATION_COMMENTS = YES;
				CLANG_WARN_EMPTY_BODY = YES;
				CLANG_WARN_ENUM_CONVERSION = YES;
				CLANG_WARN_INFINITE_RECURSION = YES;
				CLANG_WARN_INT_CONVERSION = YES;
				CLANG_WARN_NON_LITERAL_NULL_CONVERSION = YES;
				CLANG_WARN_OBJC_IMPLICIT_RETAIN_SELF = YES;
				CLANG_WARN_OBJC_LITERAL_CONVERSION = YES;
				CLANG_WARN_OBJC_ROOT_CLASS = YES_ERROR;
				CLANG_WARN_QUOTED_INCLUDE_IN_FRAMEWORK_HEADER = YES;
				CLANG_WARN_RANGE_LOOP_ANALYSIS = YES;
				CLANG_WARN_STRICT_PROTOTYPES = YES;
				CLANG_WARN_SUSPICIOUS_MOVE = YES;
				CLANG_WARN_UNGUARDED_AVAILABILITY = YES_AGGRESSIVE;
				CLANG_WARN_UNREACHABLE_CODE = YES;
				CLANG_WARN__DUPLICATE_METHOD_MATCH = YES;
				COPY_PHASE_STRIP = NO;
				DEBUG_INFORMATION_FORMAT = "dwarf-with-dsym";
				ENABLE_NS_ASSERTIONS = NO;
				ENABLE_STRICT_OBJC_MSGSEND = YES;
				ENABLE_USER_SCRIPT_SANDBOXING = YES;
				GCC_C_LANGUAGE_STANDARD = gnu17;
				GCC_NO_COMMON_BLOCKS = YES;
				GCC_WARN_64_TO_32_BIT_CONVERSION = YES;
				GCC_WARN_ABOUT_RETURN_TYPE = YES_ERROR;
				GCC_WARN_UNDECLARED_SELECTOR = YES;
				GCC_WARN_UNINITIALIZED_AUTOS = YES_AGGRESSIVE;
				GCC_WARN_UNUSED_FUNCTION = YES;
				GCC_WARN_UNUSED_VARIABLE = YES;
				IPHONEOS_DEPLOYMENT_TARGET = 18.1;
				LOCALIZATION_PREFERS_STRING_CATALOGS = YES;
				MTL_ENABLE_DEBUG_INFO = NO;
				MTL_FAST_MATH = YES;
				SDKROOT = iphoneos;
				SWIFT_COMPILATION_MODE = wholemodule;
				VALIDATE_PRODUCT = YES;
			};
			name = Release;
		};
		876D606D2CDF00FC0036585C /* Debug */ = {
			isa = XCBuildConfiguration;
			buildSettings = {
				ASSETCATALOG_COMPILER_APPICON_NAME = AppIcon;
				ASSETCATALOG_COMPILER_GLOBAL_ACCENT_COLOR_NAME = AccentColor;
				CODE_SIGN_STYLE = Automatic;
				CURRENT_PROJECT_VERSION = 1;
				DEVELOPMENT_ASSET_PATHS = "\"pomodoro/Preview Content\"";
				DEVELOPMENT_TEAM = 7N752L8N36;
				ENABLE_PREVIEWS = YES;
				GENERATE_INFOPLIST_FILE = YES;
				INFOPLIST_KEY_UIApplicationSceneManifest_Generation = YES;
				INFOPLIST_KEY_UIApplicationSupportsIndirectInputEvents = YES;
				INFOPLIST_KEY_UILaunchScreen_Generation = YES;
				INFOPLIST_KEY_UISupportedInterfaceOrientations_iPad = "UIInterfaceOrientationPortrait UIInterfaceOrientationPortraitUpsideDown UIInterfaceOrientationLandscapeLeft UIInterfaceOrientationLandscapeRight";
				INFOPLIST_KEY_UISupportedInterfaceOrientations_iPhone = "UIInterfaceOrientationPortrait UIInterfaceOrientationLandscapeLeft UIInterfaceOrientationLandscapeRight";
				LD_RUNPATH_SEARCH_PATHS = (
					"$(inherited)",
					"@executable_path/Frameworks",
				);
				MARKETING_VERSION = 1.0;
				PRODUCT_BUNDLE_IDENTIFIER = com.matthewkwon.pomodoro;
				PRODUCT_NAME = "$(TARGET_NAME)";
				SWIFT_EMIT_LOC_STRINGS = YES;
				SWIFT_VERSION = 5.0;
				TARGETED_DEVICE_FAMILY = "1,2";
			};
			name = Debug;
		};
		876D606E2CDF00FC0036585C /* Release */ = {
			isa = XCBuildConfiguration;
			buildSettings = {
				ASSETCATALOG_COMPILER_APPICON_NAME = AppIcon;
				ASSETCATALOG_COMPILER_GLOBAL_ACCENT_COLOR_NAME = AccentColor;
				CODE_SIGN_STYLE = Automatic;
				CURRENT_PROJECT_VERSION = 1;
				DEVELOPMENT_ASSET_PATHS = "\"pomodoro/Preview Content\"";
				DEVELOPMENT_TEAM = 7N752L8N36;
				ENABLE_PREVIEWS = YES;
				GENERATE_INFOPLIST_FILE = YES;
				INFOPLIST_KEY_UIApplicationSceneManifest_Generation = YES;
				INFOPLIST_KEY_UIApplicationSupportsIndirectInputEvents = YES;
				INFOPLIST_KEY_UILaunchScreen_Generation = YES;
				INFOPLIST_KEY_UISupportedInterfaceOrientations_iPad = "UIInterfaceOrientationPortrait UIInterfaceOrientationPortraitUpsideDown UIInterfaceOrientationLandscapeLeft UIInterfaceOrientationLandscapeRight";
				INFOPLIST_KEY_UISupportedInterfaceOrientations_iPhone = "UIInterfaceOrientationPortrait UIInterfaceOrientationLandscapeLeft UIInterfaceOrientationLandscapeRight";
				LD_RUNPATH_SEARCH_PATHS = (
					"$(inherited)",
					"@executable_path/Frameworks",
				);
				MARKETING_VERSION = 1.0;
				PRODUCT_BUNDLE_IDENTIFIER = com.matthewkwon.pomodoro;
				PRODUCT_NAME = "$(TARGET_NAME)";
				SWIFT_EMIT_LOC_STRINGS = YES;
				SWIFT_VERSION = 5.0;
				TARGETED_DEVICE_FAMILY = "1,2";
			};
			name = Release;
		};
		876D60702CDF00FC0036585C /* Debug */ = {
			isa = XCBuildConfiguration;
			buildSettings = {
				BUNDLE_LOADER = "$(TEST_HOST)";
				CODE_SIGN_STYLE = Automatic;
				CURRENT_PROJECT_VERSION = 1;
				DEVELOPMENT_TEAM = 7N752L8N36;
				GENERATE_INFOPLIST_FILE = YES;
				IPHONEOS_DEPLOYMENT_TARGET = 18.1;
				MARKETING_VERSION = 1.0;
				PRODUCT_BUNDLE_IDENTIFIER = com.matthewkwon.pomodoroTests;
				PRODUCT_NAME = "$(TARGET_NAME)";
				SWIFT_EMIT_LOC_STRINGS = NO;
				SWIFT_VERSION = 5.0;
				TARGETED_DEVICE_FAMILY = "1,2";
				TEST_HOST = "$(BUILT_PRODUCTS_DIR)/pomodoro.app/$(BUNDLE_EXECUTABLE_FOLDER_PATH)/pomodoro";
			};
			name = Debug;
		};
		876D60712CDF00FC0036585C /* Release */ = {
			isa = XCBuildConfiguration;
			buildSettings = {
				BUNDLE_LOADER = "$(TEST_HOST)";
				CODE_SIGN_STYLE = Automatic;
				CURRENT_PROJECT_VERSION = 1;
				DEVELOPMENT_TEAM = 7N752L8N36;
				GENERATE_INFOPLIST_FILE = YES;
				IPHONEOS_DEPLOYMENT_TARGET = 18.1;
				MARKETING_VERSION = 1.0;
				PRODUCT_BUNDLE_IDENTIFIER = com.matthewkwon.pomodoroTests;
				PRODUCT_NAME = "$(TARGET_NAME)";
				SWIFT_EMIT_LOC_STRINGS = NO;
				SWIFT_VERSION = 5.0;
				TARGETED_DEVICE_FAMILY = "1,2";
				TEST_HOST = "$(BUILT_PRODUCTS_DIR)/pomodoro.app/$(BUNDLE_EXECUTABLE_FOLDER_PATH)/pomodoro";
			};
			name = Release;
		};
		876D60732CDF00FC0036585C /* Debug */ = {
			isa = XCBuildConfiguration;
			buildSettings = {
				CODE_SIGN_STYLE = Automatic;
				CURRENT_PROJECT_VERSION = 1;
				DEVELOPMENT_TEAM = 7N752L8N36;
				GENERATE_INFOPLIST_FILE = YES;
				MARKETING_VERSION = 1.0;
				PRODUCT_BUNDLE_IDENTIFIER = com.matthewkwon.pomodoroUITests;
				PRODUCT_NAME = "$(TARGET_NAME)";
				SWIFT_EMIT_LOC_STRINGS = NO;
				SWIFT_VERSION = 5.0;
				TARGETED_DEVICE_FAMILY = "1,2";
				TEST_TARGET_NAME = pomodoro;
			};
			name = Debug;
		};
		876D60742CDF00FC0036585C /* Release */ = {
			isa = XCBuildConfiguration;
			buildSettings = {
				CODE_SIGN_STYLE = Automatic;
				CURRENT_PROJECT_VERSION = 1;
				DEVELOPMENT_TEAM = 7N752L8N36;
				GENERATE_INFOPLIST_FILE = YES;
				MARKETING_VERSION = 1.0;
				PRODUCT_BUNDLE_IDENTIFIER = com.matthewkwon.pomodoroUITests;
				PRODUCT_NAME = "$(TARGET_NAME)";
				SWIFT_EMIT_LOC_STRINGS = NO;
				SWIFT_VERSION = 5.0;
				TARGETED_DEVICE_FAMILY = "1,2";
				TEST_TARGET_NAME = pomodoro;
			};
			name = Release;
		};
/* End XCBuildConfiguration section */

/* Begin XCConfigurationList section */
		876D60432CDF00F90036585C /* Build configuration list for PBXProject "pomodoro" */ = {
			isa = XCConfigurationList;
			buildConfigurations = (
				876D606A2CDF00FC0036585C /* Debug */,
				876D606B2CDF00FC0036585C /* Release */,
			);
			defaultConfigurationIsVisible = 0;
			defaultConfigurationName = Release;
		};
		876D606C2CDF00FC0036585C /* Build configuration list for PBXNativeTarget "pomodoro" */ = {
			isa = XCConfigurationList;
			buildConfigurations = (
				876D606D2CDF00FC0036585C /* Debug */,
				876D606E2CDF00FC0036585C /* Release */,
			);
			defaultConfigurationIsVisible = 0;
			defaultConfigurationName = Release;
		};
		876D606F2CDF00FC0036585C /* Build configuration list for PBXNativeTarget "pomodoroTests" */ = {
			isa = XCConfigurationList;
			buildConfigurations = (
				876D60702CDF00FC0036585C /* Debug */,
				876D60712CDF00FC0036585C /* Release */,
			);
			defaultConfigurationIsVisible = 0;
			defaultConfigurationName = Release;
		};
		876D60722CDF00FC0036585C /* Build configuration list for PBXNativeTarget "pomodoroUITests" */ = {
			isa = XCConfigurationList;
			buildConfigurations = (
				876D60732CDF00FC0036585C /* Debug */,
				876D60742CDF00FC0036585C /* Release */,
			);
			defaultConfigurationIsVisible = 0;
			defaultConfigurationName = Release;
		};
/* End XCConfigurationList section */
	};
	rootObject = 876D60402CDF00F90036585C /* Project object */;
}
